
Microsoft Visual Studio Solution File, Format Version 12.00
# Visual Studio Version 17
VisualStudioVersion = 17.11.35327.3
MinimumVisualStudioVersion = 10.0.40219.1
Project("{FAE04EC0-301F-11D3-BF4B-00C04F79EFBC}") = "QWA", "QWA\QWA.csproj", "{1B4450E2-7310-4898-BE01-634CCEAB7509}"
EndProject
Global
	GlobalSection(SolutionConfigurationPlatforms) = preSolution
		Debug|Any CPU = Debug|Any CPU
		Release|Any CPU = Release|Any CPU
	EndGlobalSection
	GlobalSection(ProjectConfigurationPlatforms) = postSolution
		{1B4450E2-7310-4898-BE01-634CCEAB7509}.Debug|Any CPU.ActiveCfg = Debug|Any CPU
		{1B4450E2-7310-4898-BE01-634CCEAB7509}.Debug|Any CPU.Build.0 = Debug|Any CPU
		{1B4450E2-7310-4898-BE01-634CCEAB7509}.Release|Any CPU.ActiveCfg = Release|Any CPU
		{1B4450E2-7310-4898-BE01-634CCEAB7509}.Release|Any CPU.Build.0 = Release|Any CPU
	EndGlobalSection
	GlobalSection(SolutionProperties) = preSolution
		HideSolutionNode = FALSE
	EndGlobalSection
	GlobalSection(ExtensibilityGlobals) = postSolution
		SolutionGuid = {AE2BE804-C9B7-493C-8D19-AA89C7C417F3}
	EndGlobalSection
EndGlobal
